
Microsoft Visual Studio Solution File, Format Version 10.00
# Visual Studio 2008
Project("{8BC9CEB8-8B4A-11D0-8D11-00A0C91BC942}") = "icurve", "icurve\icurve.vcproj", "{813EE3BF-3D44-43A0-8E6F-08AFF916BDB3}"
EndProject
Global
	GlobalSection(SolutionConfigurationPlatforms) = preSolution
		Debug|Win32 = Debug|Win32
		Release|Win32 = Release|Win32
	EndGlobalSection
	GlobalSection(ProjectConfigurationPlatforms) = postSolution
		{813EE3BF-3D44-43A0-8E6F-08AFF916BDB3}.Debug|Win32.ActiveCfg = Release|Win32
		{813EE3BF-3D44-43A0-8E6F-08AFF916BDB3}.Debug|Win32.Build.0 = Release|Win32
		{813EE3BF-3D44-43A0-8E6F-08AFF916BDB3}.Release|Win32.ActiveCfg = Release|Win32
		{813EE3BF-3D44-43A0-8E6F-08AFF916BDB3}.Release|Win32.Build.0 = Release|Win32
	EndGlobalSection
	GlobalSection(SolutionProperties) = preSolution
		HideSolutionNode = FALSE
	EndGlobalSection
EndGlobal
